
Microsoft Visual Studio Solution File, Format Version 12.00
Project("{2150E333-8FDC-42A3-9474-1A3956D46DE8}") = ".paket", ".paket", "{1995D6F3-A6E2-4A80-AC74-65ED82E7D935}"
	ProjectSection(SolutionItems) = preProject
		paket.dependencies = paket.dependencies
	EndProjectSection
EndProject
Project("{F2A71F9B-5D33-465A-A702-920D77279786}") = "Fs.Units", "Fs.Units\Fs.Units.fsproj", "{0BEF09E5-F0DB-4E5C-A2A7-5A0B4ABCD8E6}"
EndProject
Project("{F2A71F9B-5D33-465A-A702-920D77279786}") = "Fs.Units.Tests.Unit", "Fs.Units.Tests.Unit\Fs.Units.Tests.Unit.fsproj", "{E39D2DE0-2DF8-466C-A8E3-9334585E2FA0}"
EndProject
Project("{F2A71F9B-5D33-465A-A702-920D77279786}") = "Fs.Units.Tests.Benchmark", "Fs.Units.Tests.Benchmark\Fs.Units.Tests.Benchmark.fsproj", "{32FF53B5-CFF9-447A-9ACE-BACB878C22B0}"
EndProject
Global
	GlobalSection(SolutionConfigurationPlatforms) = preSolution
		Debug|Any CPU = Debug|Any CPU
		Release|Any CPU = Release|Any CPU
	EndGlobalSection
	GlobalSection(ProjectConfigurationPlatforms) = postSolution
		{0BEF09E5-F0DB-4E5C-A2A7-5A0B4ABCD8E6}.Debug|Any CPU.ActiveCfg = Debug|Any CPU
		{0BEF09E5-F0DB-4E5C-A2A7-5A0B4ABCD8E6}.Debug|Any CPU.Build.0 = Debug|Any CPU
		{0BEF09E5-F0DB-4E5C-A2A7-5A0B4ABCD8E6}.Release|Any CPU.ActiveCfg = Release|Any CPU
		{0BEF09E5-F0DB-4E5C-A2A7-5A0B4ABCD8E6}.Release|Any CPU.Build.0 = Release|Any CPU
		{E39D2DE0-2DF8-466C-A8E3-9334585E2FA0}.Debug|Any CPU.ActiveCfg = Debug|Any CPU
		{E39D2DE0-2DF8-466C-A8E3-9334585E2FA0}.Debug|Any CPU.Build.0 = Debug|Any CPU
		{E39D2DE0-2DF8-466C-A8E3-9334585E2FA0}.Release|Any CPU.ActiveCfg = Release|Any CPU
		{E39D2DE0-2DF8-466C-A8E3-9334585E2FA0}.Release|Any CPU.Build.0 = Release|Any CPU
		{32FF53B5-CFF9-447A-9ACE-BACB878C22B0}.Debug|Any CPU.ActiveCfg = Debug|Any CPU
		{32FF53B5-CFF9-447A-9ACE-BACB878C22B0}.Debug|Any CPU.Build.0 = Debug|Any CPU
		{32FF53B5-CFF9-447A-9ACE-BACB878C22B0}.Release|Any CPU.ActiveCfg = Release|Any CPU
		{32FF53B5-CFF9-447A-9ACE-BACB878C22B0}.Release|Any CPU.Build.0 = Release|Any CPU
	EndGlobalSection
EndGlobal
